// !$*UTF8*$!
{
	archiveVersion = 1;
	classes = {
	};
	objectVersion = 50;
	objects = {

/* Begin PBXBuildFile section */
		C31796BF20F2FD7900F74DDC /* AppDelegate.swift in Sources */ = {isa = PBXBuildFile; fileRef = C31796BE20F2FD7900F74DDC /* AppDelegate.swift */; };
		C31796C120F2FD7900F74DDC /* ViewController.swift in Sources */ = {isa = PBXBuildFile; fileRef = C31796C020F2FD7900F74DDC /* ViewController.swift */; };
		C31796C420F2FD7900F74DDC /* Main.storyboard in Resources */ = {isa = PBXBuildFile; fileRef = C31796C220F2FD7900F74DDC /* Main.storyboard */; };
		C31796C620F2FD7B00F74DDC /* Assets.xcassets in Resources */ = {isa = PBXBuildFile; fileRef = C31796C520F2FD7B00F74DDC /* Assets.xcassets */; };
		C31796C920F2FD7B00F74DDC /* LaunchScreen.storyboard in Resources */ = {isa = PBXBuildFile; fileRef = C31796C720F2FD7B00F74DDC /* LaunchScreen.storyboard */; };
		C31796D120F2FE7700F74DDC /* Fetch.swift in Sources */ = {isa = PBXBuildFile; fileRef = C31796D020F2FE7700F74DDC /* Fetch.swift */; };
/* End PBXBuildFile section */

/* Begin PBXFileReference section */
		C31796BB20F2FD7900F74DDC /* Fetch-Example.app */ = {isa = PBXFileReference; explicitFileType = wrapper.application; includeInIndex = 0; path = "Fetch-Example.app"; sourceTree = BUILT_PRODUCTS_DIR; };
		C31796BE20F2FD7900F74DDC /* AppDelegate.swift */ = {isa = PBXFileReference; lastKnownFileType = sourcecode.swift; path = AppDelegate.swift; sourceTree = "<group>"; };
		C31796C020F2FD7900F74DDC /* ViewController.swift */ = {isa = PBXFileReference; lastKnownFileType = sourcecode.swift; path = ViewController.swift; sourceTree = "<group>"; };
		C31796C320F2FD7900F74DDC /* Base */ = {isa = PBXFileReference; lastKnownFileType = file.storyboard; name = Base; path = Base.lproj/Main.storyboard; sourceTree = "<group>"; };
		C31796C520F2FD7B00F74DDC /* Assets.xcassets */ = {isa = PBXFileReference; lastKnownFileType = folder.assetcatalog; path = Assets.xcassets; sourceTree = "<group>"; };
		C31796C820F2FD7B00F74DDC /* Base */ = {isa = PBXFileReference; lastKnownFileType = file.storyboard; name = Base; path = Base.lproj/LaunchScreen.storyboard; sourceTree = "<group>"; };
		C31796CA20F2FD7B00F74DDC /* Info.plist */ = {isa = PBXFileReference; lastKnownFileType = text.plist.xml; path = Info.plist; sourceTree = "<group>"; };
		C31796D020F2FE7700F74DDC /* Fetch.swift */ = {isa = PBXFileReference; lastKnownFileType = sourcecode.swift; path = Fetch.swift; sourceTree = "<group>"; };
/* End PBXFileReference section */

/* Begin PBXFrameworksBuildPhase section */
		C31796B820F2FD7900F74DDC /* Frameworks */ = {
			isa = PBXFrameworksBuildPhase;
			buildActionMask = 2147483647;
			files = (
			);
			runOnlyForDeploymentPostprocessing = 0;
		};
/* End PBXFrameworksBuildPhase section */

/* Begin PBXGroup section */
		C31796B220F2FD7900F74DDC = {
			isa = PBXGroup;
			children = (
				C31796BD20F2FD7900F74DDC /* Fetch-Example */,
				C31796BC20F2FD7900F74DDC /* Products */,
			);
			sourceTree = "<group>";
		};
		C31796BC20F2FD7900F74DDC /* Products */ = {
			isa = PBXGroup;
			children = (
				C31796BB20F2FD7900F74DDC /* Fetch-Example.app */,
			);
			name = Products;
			sourceTree = "<group>";
		};
		C31796BD20F2FD7900F74DDC /* Fetch-Example */ = {
			isa = PBXGroup;
			children = (
				C31796BE20F2FD7900F74DDC /* AppDelegate.swift */,
				C31796C020F2FD7900F74DDC /* ViewController.swift */,
				C31796D020F2FE7700F74DDC /* Fetch.swift */,
				C31796C220F2FD7900F74DDC /* Main.storyboard */,
				C31796C520F2FD7B00F74DDC /* Assets.xcassets */,
				C31796C720F2FD7B00F74DDC /* LaunchScreen.storyboard */,
				C31796CA20F2FD7B00F74DDC /* Info.plist */,
			);
			path = "Fetch-Example";
			sourceTree = "<group>";
		};
/* End PBXGroup section */

/* Begin PBXNativeTarget section */
		C31796BA20F2FD7900F74DDC /* Fetch-Example */ = {
			isa = PBXNativeTarget;
			buildConfigurationList = C31796CD20F2FD7B00F74DDC /* Build configuration list for PBXNativeTarget "Fetch-Example" */;
			buildPhases = (
				C31796B720F2FD7900F74DDC /* Sources */,
				C31796B820F2FD7900F74DDC /* Frameworks */,
				C31796B920F2FD7900F74DDC /* Resources */,
			);
			buildRules = (
			);
			dependencies = (
			);
			name = "Fetch-Example";
			productName = "Fetch-Example";
			productReference = C31796BB20F2FD7900F74DDC /* Fetch-Example.app */;
			productType = "com.apple.product-type.application";
		};
/* End PBXNativeTarget section */

/* Begin PBXProject section */
		C31796B320F2FD7900F74DDC /* Project object */ = {
			isa = PBXProject;
			attributes = {
				LastSwiftUpdateCheck = 1000;
				LastUpgradeCheck = 1000;
				ORGANIZATIONNAME = leavenstee;
				TargetAttributes = {
					C31796BA20F2FD7900F74DDC = {
						CreatedOnToolsVersion = 10.0;
					};
				};
			};
			buildConfigurationList = C31796B620F2FD7900F74DDC /* Build configuration list for PBXProject "Fetch-Example" */;
			compatibilityVersion = "Xcode 9.3";
			developmentRegion = en;
			hasScannedForEncodings = 0;
			knownRegions = (
				en,
				Base,
			);
			mainGroup = C31796B220F2FD7900F74DDC;
			productRefGroup = C31796BC20F2FD7900F74DDC /* Products */;
			projectDirPath = "";
			projectRoot = "";
			targets = (
				C31796BA20F2FD7900F74DDC /* Fetch-Example */,
			);
		};
/* End PBXProject section */

/* Begin PBXResourcesBuildPhase section */
		C31796B920F2FD7900F74DDC /* Resources */ = {
			isa = PBXResourcesBuildPhase;
			buildActionMask = 2147483647;
			files = (
				C31796C920F2FD7B00F74DDC /* LaunchScreen.storyboard in Resources */,
				C31796C620F2FD7B00F74DDC /* Assets.xcassets in Resources */,
				C31796C420F2FD7900F74DDC /* Main.storyboard in Resources */,
			);
			runOnlyForDeploymentPostprocessing = 0;
		};
/* End PBXResourcesBuildPhase section */

/* Begin PBXSourcesBuildPhase section */
		C31796B720F2FD7900F74DDC /* Sources */ = {
			isa = PBXSourcesBuildPhase;
			buildActionMask = 2147483647;
			files = (
				C31796D120F2FE7700F74DDC /* Fetch.swift in Sources */,
				C31796C120F2FD7900F74DDC /* ViewController.swift in Sources */,
				C31796BF20F2FD7900F74DDC /* AppDelegate.swift in Sources */,
			);
			runOnlyForDeploymentPostprocessing = 0;
		};
/* End PBXSourcesBuildPhase section */

/* Begin PBXVariantGroup section */
		C31796C220F2FD7900F74DDC /* Main.storyboard */ = {
			isa = PBXVariantGroup;
			children = (
				C31796C320F2FD7900F74DDC /* Base */,
			);
			name = Main.storyboard;
			sourceTree = "<group>";
		};
		C31796C720F2FD7B00F74DDC /* LaunchScreen.storyboard */ = {
			isa = PBXVariantGroup;
			children = (
				C31796C820F2FD7B00F74DDC /* Base */,
			);
			name = LaunchScreen.storyboard;
			sourceTree = "<group>";
		};
/* End PBXVariantGroup section */

/* Begin XCBuildConfiguration section */
		C31796CB20F2FD7B00F74DDC /* Debug */ = {
			isa = XCBuildConfiguration;
			buildSettings = {
				ALWAYS_SEARCH_USER_PATHS = NO;
				CLANG_ANALYZER_NONNULL = YES;
				CLANG_ANALYZER_NUMBER_OBJECT_CONVERSION = YES_AGGRESSIVE;
				CLANG_CXX_LANGUAGE_STANDARD = "gnu++14";
				CLANG_CXX_LIBRARY = "libc++";
				CLANG_ENABLE_MODULES = YES;
				CLANG_ENABLE_OBJC_ARC = YES;
				CLANG_ENABLE_OBJC_WEAK = YES;
				CLANG_WARN_BLOCK_CAPTURE_AUTORELEASING = YES;
				CLANG_WARN_BOOL_CONVERSION = YES;
				CLANG_WARN_COMMA = YES;
				CLANG_WARN_CONSTANT_CONVERSION = YES;
				CLANG_WARN_DEPRECATED_OBJC_IMPLEMENTATIONS = YES;
				CLANG_WARN_DIRECT_OBJC_ISA_USAGE = YES_ERROR;
				CLANG_WARN_DOCUMENTATION_COMMENTS = YES;
				CLANG_WARN_EMPTY_BODY = YES;
				CLANG_WARN_ENUM_CONVERSION = YES;
				CLANG_WARN_INFINITE_RECURSION = YES;
				CLANG_WARN_INT_CONVERSION = YES;
				CLANG_WARN_NON_LITERAL_NULL_CONVERSION = YES;
				CLANG_WARN_OBJC_IMPLICIT_RETAIN_SELF = YES;
				CLANG_WARN_OBJC_LITERAL_CONVERSION = YES;
				CLANG_WARN_OBJC_ROOT_CLASS = YES_ERROR;
				CLANG_WARN_RANGE_LOOP_ANALYSIS = YES;
				CLANG_WARN_STRICT_PROTOTYPES = YES;
				CLANG_WARN_SUSPICIOUS_MOVE = YES;
				CLANG_WARN_UNGUARDED_AVAILABILITY = YES_AGGRESSIVE;
				CLANG_WARN_UNREACHABLE_CODE = YES;
				CLANG_WARN__DUPLICATE_METHOD_MATCH = YES;
				CODE_SIGN_IDENTITY = "iPhone Developer";
				COPY_PHASE_STRIP = NO;
				DEBUG_INFORMATION_FORMAT = dwarf;
				ENABLE_STRICT_OBJC_MSGSEND = YES;
				ENABLE_TESTABILITY = YES;
				GCC_C_LANGUAGE_STANDARD = gnu11;
				GCC_DYNAMIC_NO_PIC = NO;
				GCC_NO_COMMON_BLOCKS = YES;
				GCC_OPTIMIZATION_LEVEL = 0;
				GCC_PREPROCESSOR_DEFINITIONS = (
					"DEBUG=1",
					"$(inherited)",
				);
				GCC_WARN_64_TO_32_BIT_CONVERSION = YES;
				GCC_WARN_ABOUT_RETURN_TYPE = YES_ERROR;
				GCC_WARN_UNDECLARED_SELECTOR = YES;
				GCC_WARN_UNINITIALIZED_AUTOS = YES_AGGRESSIVE;
				GCC_WARN_UNUSED_FUNCTION = YES;
				GCC_WARN_UNUSED_VARIABLE = YES;
				IPHONEOS_DEPLOYMENT_TARGET = 12.0;
				MTL_ENABLE_DEBUG_INFO = INCLUDE_SOURCE;
				ONLY_ACTIVE_ARCH = YES;
				SDKROOT = iphoneos;
				SWIFT_ACTIVE_COMPILATION_CONDITIONS = DEBUG;
				SWIFT_OPTIMIZATION_LEVEL = "-Onone";
			};
			name = Debug;
		};
		C31796CC20F2FD7B00F74DDC /* Release */ = {
			isa = XCBuildConfiguration;
			buildSettings = {
				ALWAYS_SEARCH_USER_PATHS = NO;
				CLANG_ANALYZER_NONNULL = YES;
				CLANG_ANALYZER_NUMBER_OBJECT_CONVERSION = YES_AGGRESSIVE;
				CLANG_CXX_LANGUAGE_STANDARD = "gnu++14";
				CLANG_CXX_LIBRARY = "libc++";
				CLANG_ENABLE_MODULES = YES;
				CLANG_ENABLE_OBJC_ARC = YES;
				CLANG_ENABLE_OBJC_WEAK = YES;
				CLANG_WARN_BLOCK_CAPTURE_AUTORELEASING = YES;
				CLANG_WARN_BOOL_CONVERSION = YES;
				CLANG_WARN_COMMA = YES;
				CLANG_WARN_CONSTANT_CONVERSION = YES;
				CLANG_WARN_DEPRECATED_OBJC_IMPLEMENTATIONS = YES;
				CLANG_WARN_DIRECT_OBJC_ISA_USAGE = YES_ERROR;
				CLANG_WARN_DOCUMENTATION_COMMENTS = YES;
				CLANG_WARN_EMPTY_BODY = YES;
				CLANG_WARN_ENUM_CONVERSION = YES;
				CLANG_WARN_INFINITE_RECURSION = YES;
				CLANG_WARN_INT_CONVERSION = YES;
				CLANG_WARN_NON_LITERAL_NULL_CONVERSION = YES;
				CLANG_WARN_OBJC_IMPLICIT_RETAIN_SELF = YES;
				CLANG_WARN_OBJC_LITERAL_CONVERSION = YES;
				CLANG_WARN_OBJC_ROOT_CLASS = YES_ERROR;
				CLANG_WARN_RANGE_LOOP_ANALYSIS = YES;
				CLANG_WARN_STRICT_PROTOTYPES = YES;
				CLANG_WARN_SUSPICIOUS_MOVE = YES;
				CLANG_WARN_UNGUARDED_AVAILABILITY = YES_AGGRESSIVE;
				CLANG_WARN_UNREACHABLE_CODE = YES;
				CLANG_WARN__DUPLICATE_METHOD_MATCH = YES;
				CODE_SIGN_IDENTITY = "iPhone Developer";
				COPY_PHASE_STRIP = NO;
				DEBUG_INFORMATION_FORMAT = "dwarf-with-dsym";
				ENABLE_NS_ASSERTIONS = NO;
				ENABLE_STRICT_OBJC_MSGSEND = YES;
				GCC_C_LANGUAGE_STANDARD = gnu11;
				GCC_NO_COMMON_BLOCKS = YES;
				GCC_WARN_64_TO_32_BIT_CONVERSION = YES;
				GCC_WARN_ABOUT_RETURN_TYPE = YES_ERROR;
				GCC_WARN_UNDECLARED_SELECTOR = YES;
				GCC_WARN_UNINITIALIZED_AUTOS = YES_AGGRESSIVE;
				GCC_WARN_UNUSED_FUNCTION = YES;
				GCC_WARN_UNUSED_VARIABLE = YES;
				IPHONEOS_DEPLOYMENT_TARGET = 12.0;
				MTL_ENABLE_DEBUG_INFO = NO;
				SDKROOT = iphoneos;
				SWIFT_COMPILATION_MODE = wholemodule;
				SWIFT_OPTIMIZATION_LEVEL = "-O";
				VALIDATE_PRODUCT = YES;
			};
			name = Release;
		};
		C31796CE20F2FD7B00F74DDC /* Debug */ = {
			isa = XCBuildConfiguration;
			buildSettings = {
				ASSETCATALOG_COMPILER_APPICON_NAME = AppIcon;
				CODE_SIGN_STYLE = Automatic;
				DEVELOPMENT_TEAM = 7SWYFJMYXD;
				INFOPLIST_FILE = "Fetch-Example/Info.plist";
				LD_RUNPATH_SEARCH_PATHS = (
					"$(inherited)",
					"@executable_path/Frameworks",
				);
				PRODUCT_BUNDLE_IDENTIFIER = "leavenstee.Fetch-Example";
				PRODUCT_NAME = "$(TARGET_NAME)";
				SWIFT_VERSION = 4.2;
				TARGETED_DEVICE_FAMILY = "1,2";
			};
			name = Debug;
		};
		C31796CF20F2FD7B00F74DDC /* Release */ = {
			isa = XCBuildConfiguration;
			buildSettings = {
				ASSETCATALOG_COMPILER_APPICON_NAME = AppIcon;
				CODE_SIGN_STYLE = Automatic;
				DEVELOPMENT_TEAM = 7SWYFJMYXD;
				INFOPLIST_FILE = "Fetch-Example/Info.plist";
				LD_RUNPATH_SEARCH_PATHS = (
					"$(inherited)",
					"@executable_path/Frameworks",
				);
				PRODUCT_BUNDLE_IDENTIFIER = "leavenstee.Fetch-Example";
				PRODUCT_NAME = "$(TARGET_NAME)";
				SWIFT_VERSION = 4.2;
				TARGETED_DEVICE_FAMILY = "1,2";
			};
			name = Release;
		};
/* End XCBuildConfiguration section */

/* Begin XCConfigurationList section */
		C31796B620F2FD7900F74DDC /* Build configuration list for PBXProject "Fetch-Example" */ = {
			isa = XCConfigurationList;
			buildConfigurations = (
				C31796CB20F2FD7B00F74DDC /* Debug */,
				C31796CC20F2FD7B00F74DDC /* Release */,
			);
			defaultConfigurationIsVisible = 0;
			defaultConfigurationName = Release;
		};
		C31796CD20F2FD7B00F74DDC /* Build configuration list for PBXNativeTarget "Fetch-Example" */ = {
			isa = XCConfigurationList;
			buildConfigurations = (
				C31796CE20F2FD7B00F74DDC /* Debug */,
				C31796CF20F2FD7B00F74DDC /* Release */,
			);
			defaultConfigurationIsVisible = 0;
			defaultConfigurationName = Release;
		};
/* End XCConfigurationList section */
	};
	rootObject = C31796B320F2FD7900F74DDC /* Project object */;
}
